
Microsoft Visual Studio Solution File, Format Version 12.00
# Visual Studio Version 17
VisualStudioVersion = 17.3.32819.101
MinimumVisualStudioVersion = 10.0.40219.1
Project("{FAE04EC0-301F-11D3-BF4B-00C04F79EFBC}") = "Kordamine_OOP_1", "Kordamine_OOP_1\Kordamine_OOP_1.csproj", "{64BBE7F2-87DF-4612-A417-FD0D5CFCD83E}"
EndProject
Global
	GlobalSection(SolutionConfigurationPlatforms) = preSolution
		Debug|Any CPU = Debug|Any CPU
		Release|Any CPU = Release|Any CPU
	EndGlobalSection
	GlobalSection(ProjectConfigurationPlatforms) = postSolution
		{64BBE7F2-87DF-4612-A417-FD0D5CFCD83E}.Debug|Any CPU.ActiveCfg = Debug|Any CPU
		{64BBE7F2-87DF-4612-A417-FD0D5CFCD83E}.Debug|Any CPU.Build.0 = Debug|Any CPU
		{64BBE7F2-87DF-4612-A417-FD0D5CFCD83E}.Release|Any CPU.ActiveCfg = Release|Any CPU
		{64BBE7F2-87DF-4612-A417-FD0D5CFCD83E}.Release|Any CPU.Build.0 = Release|Any CPU
	EndGlobalSection
	GlobalSection(SolutionProperties) = preSolution
		HideSolutionNode = FALSE
	EndGlobalSection
	GlobalSection(ExtensibilityGlobals) = postSolution
		SolutionGuid = {2A68F3C0-AE36-47D7-B4FD-58A5CC550D1D}
	EndGlobalSection
EndGlobal
